
Microsoft Visual Studio Solution File, Format Version 12.00
# Visual Studio Version 16
VisualStudioVersion = 16.0.32002.261
MinimumVisualStudioVersion = 10.0.40219.1
Project("{8BC9CEB8-8B4A-11D0-8D11-00A0C91BC942}") = "lab1", "lab1\lab1.vcxproj", "{461560D8-78EA-4262-9E52-203BC94A266C}"
EndProject
Project("{8BC9CEB8-8B4A-11D0-8D11-00A0C91BC942}") = "lab2", "lab2\lab2.vcxproj", "{215C55D9-0492-469B-8A2E-96AFF2FB8BDE}"
EndProject
Project("{8BC9CEB8-8B4A-11D0-8D11-00A0C91BC942}") = "lab3", "lab3\lab3.vcxproj", "{8D1ED375-886E-4D2D-83EC-3A6857860DDE}"
EndProject
Project("{8BC9CEB8-8B4A-11D0-8D11-00A0C91BC942}") = "lab4", "lab4\lab4.vcxproj", "{13ED102E-FAC4-4F76-81D2-3E84ED3B855E}"
EndProject
Project("{8BC9CEB8-8B4A-11D0-8D11-00A0C91BC942}") = "lab5", "lab5\lab5.vcxproj", "{71C259AB-196B-4EB7-A87C-99672886FEF0}"
EndProject
Global
	GlobalSection(SolutionConfigurationPlatforms) = preSolution
		Debug|x64 = Debug|x64
		Debug|x86 = Debug|x86
		Release|x64 = Release|x64
		Release|x86 = Release|x86
	EndGlobalSection
	GlobalSection(ProjectConfigurationPlatforms) = postSolution
		{461560D8-78EA-4262-9E52-203BC94A266C}.Debug|x64.ActiveCfg = Debug|x64
		{461560D8-78EA-4262-9E52-203BC94A266C}.Debug|x64.Build.0 = Debug|x64
		{461560D8-78EA-4262-9E52-203BC94A266C}.Debug|x86.ActiveCfg = Debug|Win32
		{461560D8-78EA-4262-9E52-203BC94A266C}.Debug|x86.Build.0 = Debug|Win32
		{461560D8-78EA-4262-9E52-203BC94A266C}.Release|x64.ActiveCfg = Release|x64
		{461560D8-78EA-4262-9E52-203BC94A266C}.Release|x64.Build.0 = Release|x64
		{461560D8-78EA-4262-9E52-203BC94A266C}.Release|x86.ActiveCfg = Release|Win32
		{461560D8-78EA-4262-9E52-203BC94A266C}.Release|x86.Build.0 = Release|Win32
		{215C55D9-0492-469B-8A2E-96AFF2FB8BDE}.Debug|x64.ActiveCfg = Debug|x64
		{215C55D9-0492-469B-8A2E-96AFF2FB8BDE}.Debug|x64.Build.0 = Debug|x64
		{215C55D9-0492-469B-8A2E-96AFF2FB8BDE}.Debug|x86.ActiveCfg = Debug|Win32
		{215C55D9-0492-469B-8A2E-96AFF2FB8BDE}.Debug|x86.Build.0 = Debug|Win32
		{215C55D9-0492-469B-8A2E-96AFF2FB8BDE}.Release|x64.ActiveCfg = Release|x64
		{215C55D9-0492-469B-8A2E-96AFF2FB8BDE}.Release|x64.Build.0 = Release|x64
		{215C55D9-0492-469B-8A2E-96AFF2FB8BDE}.Release|x86.ActiveCfg = Release|Win32
		{215C55D9-0492-469B-8A2E-96AFF2FB8BDE}.Release|x86.Build.0 = Release|Win32
		{8D1ED375-886E-4D2D-83EC-3A6857860DDE}.Debug|x64.ActiveCfg = Debug|x64
		{8D1ED375-886E-4D2D-83EC-3A6857860DDE}.Debug|x64.Build.0 = Debug|x64
		{8D1ED375-886E-4D2D-83EC-3A6857860DDE}.Debug|x86.ActiveCfg = Debug|Win32
		{8D1ED375-886E-4D2D-83EC-3A6857860DDE}.Debug|x86.Build.0 = Debug|Win32
		{8D1ED375-886E-4D2D-83EC-3A6857860DDE}.Release|x64.ActiveCfg = Release|x64
		{8D1ED375-886E-4D2D-83EC-3A6857860DDE}.Release|x64.Build.0 = Release|x64
		{8D1ED375-886E-4D2D-83EC-3A6857860DDE}.Release|x86.ActiveCfg = Release|Win32
		{8D1ED375-886E-4D2D-83EC-3A6857860DDE}.Release|x86.Build.0 = Release|Win32
		{13ED102E-FAC4-4F76-81D2-3E84ED3B855E}.Debug|x64.ActiveCfg = Debug|x64
		{13ED102E-FAC4-4F76-81D2-3E84ED3B855E}.Debug|x64.Build.0 = Debug|x64
		{13ED102E-FAC4-4F76-81D2-3E84ED3B855E}.Debug|x86.ActiveCfg = Debug|Win32
		{13ED102E-FAC4-4F76-81D2-3E84ED3B855E}.Debug|x86.Build.0 = Debug|Win32
		{13ED102E-FAC4-4F76-81D2-3E84ED3B855E}.Release|x64.ActiveCfg = Release|x64
		{13ED102E-FAC4-4F76-81D2-3E84ED3B855E}.Release|x64.Build.0 = Release|x64
		{13ED102E-FAC4-4F76-81D2-3E84ED3B855E}.Release|x86.ActiveCfg = Release|Win32
		{13ED102E-FAC4-4F76-81D2-3E84ED3B855E}.Release|x86.Build.0 = Release|Win32
		{71C259AB-196B-4EB7-A87C-99672886FEF0}.Debug|x64.ActiveCfg = Debug|x64
		{71C259AB-196B-4EB7-A87C-99672886FEF0}.Debug|x64.Build.0 = Debug|x64
		{71C259AB-196B-4EB7-A87C-99672886FEF0}.Debug|x86.ActiveCfg = Debug|Win32
		{71C259AB-196B-4EB7-A87C-99672886FEF0}.Debug|x86.Build.0 = Debug|Win32
		{71C259AB-196B-4EB7-A87C-99672886FEF0}.Release|x64.ActiveCfg = Release|x64
		{71C259AB-196B-4EB7-A87C-99672886FEF0}.Release|x64.Build.0 = Release|x64
		{71C259AB-196B-4EB7-A87C-99672886FEF0}.Release|x86.ActiveCfg = Release|Win32
		{71C259AB-196B-4EB7-A87C-99672886FEF0}.Release|x86.Build.0 = Release|Win32
	EndGlobalSection
	GlobalSection(SolutionProperties) = preSolution
		HideSolutionNode = FALSE
	EndGlobalSection
	GlobalSection(ExtensibilityGlobals) = postSolution
		SolutionGuid = {AFBE6EE3-4296-45E7-A70A-2487D6010D89}
	EndGlobalSection
EndGlobal
